// !$*UTF8*$!
{
	archiveVersion = 1;
	classes = {
	};
	objectVersion = 46;
	objects = {

/* Begin PBXAggregateTarget section */
		6EDB750A7A253EB036C63B4B /* Qt Preprocess */ = {
			isa = PBXAggregateTarget;
			buildConfigurationList = 6CC3B5D2136C7CD6A5CF5A59 /* Build configuration list for PBXNativeTarget "audio-tech-app" */;
			buildPhases = (
				5E618435888B9D49F8540165 /* Qt Qmake */,
				7EF0942E79C014DCEC8976BC /* Qt Preprocessors */,
			);
			dependencies = (
			);
			name = "Qt Preprocess";
			productName = "Qt Preprocess";
		};
/* End PBXAggregateTarget section */

/* Begin PBXBuildFile section */
		2141DE59D0A88F3A7A021EA2 /* mainwindow.cpp in Compile Sources */ = {isa = PBXBuildFile; fileRef = 9115C191376947A0918FC395 /* mainwindow.cpp */; settings = {ATTRIBUTES = (); }; };
		3BAD020DDA80CFE51A277BCF /* QtGui.framework in Link Binary With Libraries */ = {isa = PBXBuildFile; fileRef = 79B9F5D1DAB56D96EEBEC4AB /* QtGui.framework */; };
		55867689387B5D9A52F8D97E /* QtWidgets.framework in Link Binary With Libraries */ = {isa = PBXBuildFile; fileRef = C1CE78AABC63417C4679A376 /* QtWidgets.framework */; };
		79C4CFABBB676EBA32C8D0C1 /* dummy.cpp in Compile Sources */ = {isa = PBXBuildFile; fileRef = 2902ECC3A6F98ED7699923F4 /* dummy.cpp */; settings = {ATTRIBUTES = (); }; };
		82E58FAF95D161209A3024BB /* main.cpp in Compile Sources */ = {isa = PBXBuildFile; fileRef = 4F560985B4D35C999595239E /* main.cpp */; settings = {ATTRIBUTES = (); }; };
		8771A8C96E9C391044035D99 /* OpenGL.framework in Link Binary With Libraries */ = {isa = PBXBuildFile; fileRef = D4B32C2222F82AC56BADEB21 /* OpenGL.framework */; };
		8D267F2E4776F0ECA2F49DC8 /* IOKit.framework in Link Binary With Libraries */ = {isa = PBXBuildFile; fileRef = A1A67BEAA744704B29168D39 /* IOKit.framework */; };
		A99B2AA0F9CBBDD12BA126A4 /* DiskArbitration.framework in Link Binary With Libraries */ = {isa = PBXBuildFile; fileRef = 2B774D8E4178765CE52EAAF5 /* DiskArbitration.framework */; };
		BA4192E8D5354A4324443192 /* moc_mainwindow.cpp in Compile Sources */ = {isa = PBXBuildFile; fileRef = 186E79D0C9B91CA58E2B7C18 /* moc_mainwindow.cpp */; settings = {ATTRIBUTES = (); }; };
		CCDCF1B002D2DC4DC2C92B2B /* QtCore.framework in Link Binary With Libraries */ = {isa = PBXBuildFile; fileRef = 46A52D79DDEDF5D906CB5D44 /* QtCore.framework */; };
		E45E51A644D5FC9F942ECE55 /* AGL.framework in Link Binary With Libraries */ = {isa = PBXBuildFile; fileRef = 8D9815BDB5BD9F90D2BC05C5 /* AGL.framework */; };
		FA12B84C1FC4BF07006FA899 /* CoreAudio.framework in Link Binary With Libraries */ = {isa = PBXBuildFile; fileRef = FA12B84B1FC4BF01006FA899 /* CoreAudio.framework */; };
		FA12B84E1FC4BF1A006FA899 /* CoreServices.framework in Link Binary With Libraries */ = {isa = PBXBuildFile; fileRef = FA12B84D1FC4BF13006FA899 /* CoreServices.framework */; };
		FA12B8501FC4BF2C006FA899 /* AudioToolbox.framework in Link Binary With Libraries */ = {isa = PBXBuildFile; fileRef = FA12B84F1FC4BF26006FA899 /* AudioToolbox.framework */; };
		FA12B8521FC4BF3D006FA899 /* AudioUnit.framework in Link Binary With Libraries */ = {isa = PBXBuildFile; fileRef = FA12B8511FC4BF39006FA899 /* AudioUnit.framework */; };
		FA12B8541FC4BF4D006FA899 /* Carbon.framework in Link Binary With Libraries */ = {isa = PBXBuildFile; fileRef = FA12B8531FC4BF48006FA899 /* Carbon.framework */; };
		FA12B8561FC4BFE4006FA899 /* libportaudio.a in Link Binary With Libraries */ = {isa = PBXBuildFile; fileRef = FA12B8551FC4BFE4006FA899 /* libportaudio.a */; };
		FA12B8581FC4C0D9006FA899 /* README.md in Copy Bundle Resources */ = {isa = PBXBuildFile; fileRef = FA12B8571FC4C0D9006FA899 /* README.md */; };
		FA251F831FC4E976000C504B /* soundfile_IO.cpp in Compile Sources */ = {isa = PBXBuildFile; fileRef = FA251F811FC4E976000C504B /* soundfile_IO.cpp */; };
		FA35513A1FC5D94C000C5122 /* mic.svg in Copy Bundle Resources */ = {isa = PBXBuildFile; fileRef = FA3551381FC5D94C000C5122 /* mic.svg */; };
		FA35513B1FC5D94C000C5122 /* folder.svg in Copy Bundle Resources */ = {isa = PBXBuildFile; fileRef = FA3551391FC5D94C000C5122 /* folder.svg */; };
		FA35513F1FC5E5A9000C5122 /* record.cpp in Compile Sources */ = {isa = PBXBuildFile; fileRef = FA35513E1FC5E5A9000C5122 /* record.cpp */; };
		FAE0950C1FC5B659000F4595 /* libsndfile.a in Link Binary With Libraries */ = {isa = PBXBuildFile; fileRef = FAE0950B1FC5B658000F4595 /* libsndfile.a */; };
		FAE0950E1FC5C890000F4595 /* playsine.cpp in Compile Sources */ = {isa = PBXBuildFile; fileRef = FAE0950D1FC5C890000F4595 /* playsine.cpp */; };
/* End PBXBuildFile section */

/* Begin PBXContainerItemProxy section */
		FA12B84A1FC4BE56006FA899 /* PBXContainerItemProxy */ = {
			isa = PBXContainerItemProxy;
			containerPortal = 6DB9C3763D02B1415CD9D565 /* Project object */;
			proxyType = 1;
			remoteGlobalIDString = 6EDB750A7A253EB036C63B4B;
			remoteInfo = "Qt Preprocess";
		};
/* End PBXContainerItemProxy section */

/* Begin PBXCopyFilesBuildPhase section */
		99542592E9780B9225F24AA8 /* Embed Frameworks */ = {
			isa = PBXCopyFilesBuildPhase;
			buildActionMask = 2147483647;
			dstPath = "";
			dstSubfolderSpec = 10;
			files = (
			);
			name = "Embed Frameworks";
			runOnlyForDeploymentPostprocessing = 0;
		};
/* End PBXCopyFilesBuildPhase section */

/* Begin PBXFileReference section */
		0C89A92A666141222CB56012 /* mainwindow.h */ = {isa = PBXFileReference; lastKnownFileType = sourcecode.c.h; name = mainwindow.h; path = "/Users/Alex/Projects/audio-tech/audio-tech-app/mainwindow.h"; sourceTree = "<absolute>"; };
		111778FF1797617EAE72F498 /* mainwindow.ui */ = {isa = PBXFileReference; lastKnownFileType = text; name = mainwindow.ui; path = "/Users/Alex/Projects/audio-tech/audio-tech-app/mainwindow.ui"; sourceTree = "<absolute>"; };
		186E79D0C9B91CA58E2B7C18 /* moc_mainwindow.cpp */ = {isa = PBXFileReference; lastKnownFileType = sourcecode.cpp.cpp; name = moc_mainwindow.cpp; path = "/Users/Alex/Projects/audio-tech/audio-tech-app/moc_mainwindow.cpp"; sourceTree = "<absolute>"; };
		2902ECC3A6F98ED7699923F4 /* dummy.cpp */ = {isa = PBXFileReference; lastKnownFileType = sourcecode.cpp.cpp; name = dummy.cpp; path = /usr/local/Cellar/qt/5.9.2/mkspecs/features/data/dummy.cpp; sourceTree = "<absolute>"; };
		2B774D8E4178765CE52EAAF5 /* DiskArbitration.framework */ = {isa = PBXFileReference; lastKnownFileType = wrapper.framework; name = DiskArbitration.framework; path = /System/Library/Frameworks/DiskArbitration.framework; sourceTree = "<absolute>"; };
		46A52D79DDEDF5D906CB5D44 /* QtCore.framework */ = {isa = PBXFileReference; lastKnownFileType = wrapper.framework; name = QtCore.framework; path = /usr/local/Cellar/qt/5.9.2/lib/QtCore.framework; sourceTree = "<absolute>"; };
		4F560985B4D35C999595239E /* main.cpp */ = {isa = PBXFileReference; lastKnownFileType = sourcecode.cpp.cpp; name = main.cpp; path = "/Users/Alex/Projects/audio-tech/audio-tech-app/main.cpp"; sourceTree = "<absolute>"; };
		79B9F5D1DAB56D96EEBEC4AB /* QtGui.framework */ = {isa = PBXFileReference; lastKnownFileType = wrapper.framework; name = QtGui.framework; path = /usr/local/Cellar/qt/5.9.2/lib/QtGui.framework; sourceTree = "<absolute>"; };
		8D9815BDB5BD9F90D2BC05C5 /* AGL.framework */ = {isa = PBXFileReference; lastKnownFileType = wrapper.framework; name = AGL.framework; path = /System/Library/Frameworks/AGL.framework; sourceTree = "<absolute>"; };
		9115C191376947A0918FC395 /* mainwindow.cpp */ = {isa = PBXFileReference; lastKnownFileType = sourcecode.cpp.cpp; name = mainwindow.cpp; path = "/Users/Alex/Projects/audio-tech/audio-tech-app/mainwindow.cpp"; sourceTree = "<absolute>"; };
		A1A67BEAA744704B29168D39 /* IOKit.framework */ = {isa = PBXFileReference; lastKnownFileType = wrapper.framework; name = IOKit.framework; path = /System/Library/Frameworks/IOKit.framework; sourceTree = "<absolute>"; };
		A456ED77C220075E43829F9F /* ui_mainwindow.h */ = {isa = PBXFileReference; lastKnownFileType = sourcecode.c.h; name = ui_mainwindow.h; path = "/Users/Alex/Projects/audio-tech/audio-tech-app/ui_mainwindow.h"; sourceTree = "<absolute>"; };
		BD37E5044B904A8FD109A3FA /* audio-tech-app.app */ = {isa = PBXFileReference; explicitFileType = wrapper.application; includeInIndex = 0; path = "audio-tech-app.app"; sourceTree = BUILT_PRODUCTS_DIR; };
		C1CE78AABC63417C4679A376 /* QtWidgets.framework */ = {isa = PBXFileReference; lastKnownFileType = wrapper.framework; name = QtWidgets.framework; path = /usr/local/Cellar/qt/5.9.2/lib/QtWidgets.framework; sourceTree = "<absolute>"; };
		D4B32C2222F82AC56BADEB21 /* OpenGL.framework */ = {isa = PBXFileReference; lastKnownFileType = wrapper.framework; name = OpenGL.framework; path = /System/Library/Frameworks/OpenGL.framework; sourceTree = "<absolute>"; };
		F070778E848BD5C030C59631 /* audio-tech-app.pro */ = {isa = PBXFileReference; lastKnownFileType = text; name = "audio-tech-app.pro"; path = "/Users/Alex/Projects/audio-tech/audio-tech-app/audio-tech-app.pro"; sourceTree = "<absolute>"; };
		FA12B84B1FC4BF01006FA899 /* CoreAudio.framework */ = {isa = PBXFileReference; lastKnownFileType = wrapper.framework; name = CoreAudio.framework; path = System/Library/Frameworks/CoreAudio.framework; sourceTree = SDKROOT; };
		FA12B84D1FC4BF13006FA899 /* CoreServices.framework */ = {isa = PBXFileReference; lastKnownFileType = wrapper.framework; name = CoreServices.framework; path = System/Library/Frameworks/CoreServices.framework; sourceTree = SDKROOT; };
		FA12B84F1FC4BF26006FA899 /* AudioToolbox.framework */ = {isa = PBXFileReference; lastKnownFileType = wrapper.framework; name = AudioToolbox.framework; path = System/Library/Frameworks/AudioToolbox.framework; sourceTree = SDKROOT; };
		FA12B8511FC4BF39006FA899 /* AudioUnit.framework */ = {isa = PBXFileReference; lastKnownFileType = wrapper.framework; name = AudioUnit.framework; path = System/Library/Frameworks/AudioUnit.framework; sourceTree = SDKROOT; };
		FA12B8531FC4BF48006FA899 /* Carbon.framework */ = {isa = PBXFileReference; lastKnownFileType = wrapper.framework; name = Carbon.framework; path = System/Library/Frameworks/Carbon.framework; sourceTree = SDKROOT; };
		FA12B8551FC4BFE4006FA899 /* libportaudio.a */ = {isa = PBXFileReference; lastKnownFileType = archive.ar; name = libportaudio.a; path = ../portaudio/lib/.libs/libportaudio.a; sourceTree = "<group>"; };
		FA12B8571FC4C0D9006FA899 /* README.md */ = {isa = PBXFileReference; fileEncoding = 4; lastKnownFileType = net.daringfireball.markdown; name = README.md; path = ../README.md; sourceTree = "<group>"; };
		FA12B8591FC4CE07006FA899 /* main.h */ = {isa = PBXFileReference; lastKnownFileType = sourcecode.c.h; path = main.h; sourceTree = "<group>"; };
		FA12B9011FC4E291006FA899 /* pa_fuzz.c */ = {isa = PBXFileReference; lastKnownFileType = sourcecode.c.c; path = pa_fuzz.c; sourceTree = "<group>"; };
		FA12B9021FC4E291006FA899 /* CMakeLists.txt */ = {isa = PBXFileReference; lastKnownFileType = text; path = CMakeLists.txt; sourceTree = "<group>"; };
		FA12B9031FC4E291006FA899 /* paex_wmme_ac3.c */ = {isa = PBXFileReference; lastKnownFileType = sourcecode.c.c; path = paex_wmme_ac3.c; sourceTree = "<group>"; };
		FA12B9041FC4E291006FA899 /* paex_write_sine.c */ = {isa = PBXFileReference; lastKnownFileType = sourcecode.c.c; path = paex_write_sine.c; sourceTree = "<group>"; };
		FA12B9051FC4E291006FA899 /* pa_devs.c */ = {isa = PBXFileReference; lastKnownFileType = sourcecode.c.c; path = pa_devs.c; sourceTree = "<group>"; };
		FA12B9061FC4E291006FA899 /* paex_read_write_wire.c */ = {isa = PBXFileReference; lastKnownFileType = sourcecode.c.c; path = paex_read_write_wire.c; sourceTree = "<group>"; };
		FA12B9071FC4E291006FA899 /* paex_mono_asio_channel_select.c */ = {isa = PBXFileReference; lastKnownFileType = sourcecode.c.c; path = paex_mono_asio_channel_select.c; sourceTree = "<group>"; };
		FA12B9081FC4E291006FA899 /* paex_sine_c++.cpp */ = {isa = PBXFileReference; lastKnownFileType = sourcecode.cpp.cpp; path = "paex_sine_c++.cpp"; sourceTree = "<group>"; };
		FA12B9091FC4E291006FA899 /* paex_ocean_shore.c */ = {isa = PBXFileReference; lastKnownFileType = sourcecode.c.c; path = paex_ocean_shore.c; sourceTree = "<group>"; };
		FA12B90A1FC4E291006FA899 /* paex_sine.c */ = {isa = PBXFileReference; lastKnownFileType = sourcecode.c.c; path = paex_sine.c; sourceTree = "<group>"; };
		FA12B90B1FC4E291006FA899 /* paex_record_file.c */ = {isa = PBXFileReference; lastKnownFileType = sourcecode.c.c; path = paex_record_file.c; sourceTree = "<group>"; };
		FA12B90C1FC4E291006FA899 /* paex_pink.c */ = {isa = PBXFileReference; lastKnownFileType = sourcecode.c.c; path = paex_pink.c; sourceTree = "<group>"; };
		FA12B90D1FC4E291006FA899 /* paex_write_sine_nonint.c */ = {isa = PBXFileReference; lastKnownFileType = sourcecode.c.c; path = paex_write_sine_nonint.c; sourceTree = "<group>"; };
		FA12B90E1FC4E291006FA899 /* paex_saw.c */ = {isa = PBXFileReference; lastKnownFileType = sourcecode.c.c; path = paex_saw.c; sourceTree = "<group>"; };
		FA12B90F1FC4E291006FA899 /* paex_wmme_surround.c */ = {isa = PBXFileReference; lastKnownFileType = sourcecode.c.c; path = paex_wmme_surround.c; sourceTree = "<group>"; };
		FA12B9101FC4E291006FA899 /* paex_record.c */ = {isa = PBXFileReference; lastKnownFileType = sourcecode.c.c; path = paex_record.c; sourceTree = "<group>"; };
		FA251F811FC4E976000C504B /* soundfile_IO.cpp */ = {isa = PBXFileReference; lastKnownFileType = sourcecode.cpp.cpp; name = soundfile_IO.cpp; path = src/soundfile_IO.cpp; sourceTree = "<group>"; };
		FA3551381FC5D94C000C5122 /* mic.svg */ = {isa = PBXFileReference; fileEncoding = 4; lastKnownFileType = text; path = mic.svg; sourceTree = "<group>"; };
		FA3551391FC5D94C000C5122 /* folder.svg */ = {isa = PBXFileReference; fileEncoding = 4; lastKnownFileType = text; path = folder.svg; sourceTree = "<group>"; };
		FA35513E1FC5E5A9000C5122 /* record.cpp */ = {isa = PBXFileReference; lastKnownFileType = sourcecode.cpp.cpp; name = record.cpp; path = src/record.cpp; sourceTree = "<group>"; };
		FAE0950B1FC5B658000F4595 /* libsndfile.a */ = {isa = PBXFileReference; lastKnownFileType = archive.ar; name = libsndfile.a; path = ../../../../../usr/local/Cellar/libsndfile/1.0.28/lib/libsndfile.a; sourceTree = "<group>"; };
		FAE0950D1FC5C890000F4595 /* playsine.cpp */ = {isa = PBXFileReference; lastKnownFileType = sourcecode.cpp.cpp; name = playsine.cpp; path = src/playsine.cpp; sourceTree = "<group>"; };
/* End PBXFileReference section */

/* Begin PBXFrameworksBuildPhase section */
		D1C883685E82D5676953459A /* Link Binary With Libraries */ = {
			isa = PBXFrameworksBuildPhase;
			buildActionMask = 2147483647;
			files = (
				FA12B8541FC4BF4D006FA899 /* Carbon.framework in Link Binary With Libraries */,
				FA12B8521FC4BF3D006FA899 /* AudioUnit.framework in Link Binary With Libraries */,
				FA12B8501FC4BF2C006FA899 /* AudioToolbox.framework in Link Binary With Libraries */,
				FA12B8561FC4BFE4006FA899 /* libportaudio.a in Link Binary With Libraries */,
				FA12B84E1FC4BF1A006FA899 /* CoreServices.framework in Link Binary With Libraries */,
				FA12B84C1FC4BF07006FA899 /* CoreAudio.framework in Link Binary With Libraries */,
				55867689387B5D9A52F8D97E /* QtWidgets.framework in Link Binary With Libraries */,
				FAE0950C1FC5B659000F4595 /* libsndfile.a in Link Binary With Libraries */,
				3BAD020DDA80CFE51A277BCF /* QtGui.framework in Link Binary With Libraries */,
				CCDCF1B002D2DC4DC2C92B2B /* QtCore.framework in Link Binary With Libraries */,
				A99B2AA0F9CBBDD12BA126A4 /* DiskArbitration.framework in Link Binary With Libraries */,
				8D267F2E4776F0ECA2F49DC8 /* IOKit.framework in Link Binary With Libraries */,
				8771A8C96E9C391044035D99 /* OpenGL.framework in Link Binary With Libraries */,
				E45E51A644D5FC9F942ECE55 /* AGL.framework in Link Binary With Libraries */,
			);
			name = "Link Binary With Libraries";
			runOnlyForDeploymentPostprocessing = 0;
		};
/* End PBXFrameworksBuildPhase section */

/* Begin PBXGroup section */
		12E908B8A1C3C07C115504F5 /* Sources [uic] */ = {
			isa = PBXGroup;
			children = (
				111778FF1797617EAE72F498 /* mainwindow.ui */,
			);
			name = "Sources [uic]";
			sourceTree = "<group>";
		};
		25B08E2869634E9BCBA333A2 /* Generated Sources */ = {
			isa = PBXGroup;
			children = (
				186E79D0C9B91CA58E2B7C18 /* moc_mainwindow.cpp */,
				A456ED77C220075E43829F9F /* ui_mainwindow.h */,
			);
			name = "Generated Sources";
			sourceTree = "<group>";
		};
		2EB56BE3C2D93CDAB0C52E67 /* Sources */ = {
			isa = PBXGroup;
			children = (
				FA3551371FC5D94C000C5122 /* icons */,
				FA12B9001FC4E291006FA899 /* examples */,
				4F560985B4D35C999595239E /* main.cpp */,
				9115C191376947A0918FC395 /* mainwindow.cpp */,
				0C89A92A666141222CB56012 /* mainwindow.h */,
				FA12B8591FC4CE07006FA899 /* main.h */,
				FA251F811FC4E976000C504B /* soundfile_IO.cpp */,
				FAE0950D1FC5C890000F4595 /* playsine.cpp */,
				FA35513E1FC5E5A9000C5122 /* record.cpp */,
			);
			name = Sources;
			sourceTree = "<group>";
		};
		74B182DB50CB5611B5C1C297 /* Supporting Files */ = {
			isa = PBXGroup;
			children = (
				F070778E848BD5C030C59631 /* audio-tech-app.pro */,
			);
			name = "Supporting Files";
			sourceTree = "<group>";
		};
		AF39DD055C3EF8226FBE929D /* Frameworks */ = {
			isa = PBXGroup;
			children = (
				FAE0950B1FC5B658000F4595 /* libsndfile.a */,
				FA12B8551FC4BFE4006FA899 /* libportaudio.a */,
				FA12B8531FC4BF48006FA899 /* Carbon.framework */,
				FA12B8511FC4BF39006FA899 /* AudioUnit.framework */,
				FA12B84F1FC4BF26006FA899 /* AudioToolbox.framework */,
				FA12B84D1FC4BF13006FA899 /* CoreServices.framework */,
				FA12B84B1FC4BF01006FA899 /* CoreAudio.framework */,
				C1CE78AABC63417C4679A376 /* QtWidgets.framework */,
				79B9F5D1DAB56D96EEBEC4AB /* QtGui.framework */,
				46A52D79DDEDF5D906CB5D44 /* QtCore.framework */,
				2B774D8E4178765CE52EAAF5 /* DiskArbitration.framework */,
				A1A67BEAA744704B29168D39 /* IOKit.framework */,
				D4B32C2222F82AC56BADEB21 /* OpenGL.framework */,
				8D9815BDB5BD9F90D2BC05C5 /* AGL.framework */,
			);
			name = Frameworks;
			sourceTree = "<group>";
		};
		B8254625CFD509ED2A24A166 /* Sources [moc_predefs] */ = {
			isa = PBXGroup;
			children = (
				2902ECC3A6F98ED7699923F4 /* dummy.cpp */,
			);
			name = "Sources [moc_predefs]";
			sourceTree = "<group>";
		};
		E8C543AB96796ECAA2E65C57 /* audio-tech-app */ = {
			isa = PBXGroup;
			children = (
				FA12B8571FC4C0D9006FA899 /* README.md */,
				2EB56BE3C2D93CDAB0C52E67 /* Sources */,
				25B08E2869634E9BCBA333A2 /* Generated Sources */,
				B8254625CFD509ED2A24A166 /* Sources [moc_predefs] */,
				12E908B8A1C3C07C115504F5 /* Sources [uic] */,
				74B182DB50CB5611B5C1C297 /* Supporting Files */,
				AF39DD055C3EF8226FBE929D /* Frameworks */,
				FE0A091FDBFB3E9C31B7A1BD /* Products */,
			);
			name = "audio-tech-app";
			sourceTree = "<group>";
		};
		FA12B9001FC4E291006FA899 /* examples */ = {
			isa = PBXGroup;
			children = (
				FA12B9011FC4E291006FA899 /* pa_fuzz.c */,
				FA12B9021FC4E291006FA899 /* CMakeLists.txt */,
				FA12B9031FC4E291006FA899 /* paex_wmme_ac3.c */,
				FA12B9041FC4E291006FA899 /* paex_write_sine.c */,
				FA12B9051FC4E291006FA899 /* pa_devs.c */,
				FA12B9061FC4E291006FA899 /* paex_read_write_wire.c */,
				FA12B9071FC4E291006FA899 /* paex_mono_asio_channel_select.c */,
				FA12B9081FC4E291006FA899 /* paex_sine_c++.cpp */,
				FA12B9091FC4E291006FA899 /* paex_ocean_shore.c */,
				FA12B90A1FC4E291006FA899 /* paex_sine.c */,
				FA12B90B1FC4E291006FA899 /* paex_record_file.c */,
				FA12B90C1FC4E291006FA899 /* paex_pink.c */,
				FA12B90D1FC4E291006FA899 /* paex_write_sine_nonint.c */,
				FA12B90E1FC4E291006FA899 /* paex_saw.c */,
				FA12B90F1FC4E291006FA899 /* paex_wmme_surround.c */,
				FA12B9101FC4E291006FA899 /* paex_record.c */,
			);
			name = examples;
			path = ../portaudio/examples;
			sourceTree = "<group>";
		};
		FA3551371FC5D94C000C5122 /* icons */ = {
			isa = PBXGroup;
			children = (
				FA3551381FC5D94C000C5122 /* mic.svg */,
				FA3551391FC5D94C000C5122 /* folder.svg */,
			);
			name = icons;
			path = src/icons;
			sourceTree = "<group>";
		};
		FE0A091FDBFB3E9C31B7A1BD /* Products */ = {
			isa = PBXGroup;
			children = (
				BD37E5044B904A8FD109A3FA /* audio-tech-app.app */,
			);
			name = Products;
			sourceTree = "<group>";
		};
/* End PBXGroup section */

/* Begin PBXNativeTarget section */
		29E5056AB6B438D632C05AA4 /* audio-tech-app */ = {
			isa = PBXNativeTarget;
			buildConfigurationList = 6CC3B5D2136C7CD6A5CF5A59 /* Build configuration list for PBXNativeTarget "audio-tech-app" */;
			buildPhases = (
				F7E50F631C51CD5B5DC0BC43 /* Compile Sources */,
				D1C883685E82D5676953459A /* Link Binary With Libraries */,
				30414803F31797EB689AE508 /* Copy Bundle Resources */,
				99542592E9780B9225F24AA8 /* Embed Frameworks */,
			);
			buildRules = (
			);
			dependencies = (
				4AD5B181D1BE89C41A660871 /* PBXTargetDependency */,
			);
			name = "audio-tech-app";
			productName = "audio-tech-app";
			productReference = BD37E5044B904A8FD109A3FA /* audio-tech-app.app */;
			productType = "com.apple.product-type.application";
		};
/* End PBXNativeTarget section */

/* Begin PBXProject section */
		6DB9C3763D02B1415CD9D565 /* Project object */ = {
			isa = PBXProject;
			attributes = {
			};
			buildConfigurationList = DAC4C1AA5EDEA1C85E9CA5E6 /* Build configuration list for PBXProject "audio-tech-app" */;
			compatibilityVersion = "Xcode 3.2";
			developmentRegion = en;
			hasScannedForEncodings = 1;
			knownRegions = (
				en,
			);
			mainGroup = E8C543AB96796ECAA2E65C57 /* audio-tech-app */;
			productRefGroup = FE0A091FDBFB3E9C31B7A1BD /* Products */;
			projectDirPath = "";
			projectRoot = "";
			targets = (
				29E5056AB6B438D632C05AA4 /* audio-tech-app */,
				6EDB750A7A253EB036C63B4B /* Qt Preprocess */,
			);
		};
/* End PBXProject section */

/* Begin PBXResourcesBuildPhase section */
		30414803F31797EB689AE508 /* Copy Bundle Resources */ = {
			isa = PBXResourcesBuildPhase;
			buildActionMask = 2147483647;
			files = (
				FA35513A1FC5D94C000C5122 /* mic.svg in Copy Bundle Resources */,
				FA35513B1FC5D94C000C5122 /* folder.svg in Copy Bundle Resources */,
				FA12B8581FC4C0D9006FA899 /* README.md in Copy Bundle Resources */,
			);
			name = "Copy Bundle Resources";
			runOnlyForDeploymentPostprocessing = 0;
		};
/* End PBXResourcesBuildPhase section */

/* Begin PBXShellScriptBuildPhase section */
		5E618435888B9D49F8540165 /* Qt Qmake */ = {
			isa = PBXShellScriptBuildPhase;
			buildActionMask = 2147483647;
			files = (
			);
			name = "Qt Qmake";
			runOnlyForDeploymentPostprocessing = 0;
			shellPath = /bin/sh;
			shellScript = "make -C /Users/Alex/Projects/audio-tech/audio-tech-app/ -f audio-tech-app.xcodeproj/qt_makeqmake.mak";
			showEnvVarsInLog = 0;
		};
		7EF0942E79C014DCEC8976BC /* Qt Preprocessors */ = {
			isa = PBXShellScriptBuildPhase;
			buildActionMask = 2147483647;
			files = (
			);
			name = "Qt Preprocessors";
			runOnlyForDeploymentPostprocessing = 0;
			shellPath = /bin/sh;
			shellScript = "make -C /Users/Alex/Projects/audio-tech/audio-tech-app/ -f audio-tech-app.xcodeproj/qt_preprocess.mak";
			showEnvVarsInLog = 0;
		};
/* End PBXShellScriptBuildPhase section */

/* Begin PBXSourcesBuildPhase section */
		F7E50F631C51CD5B5DC0BC43 /* Compile Sources */ = {
			isa = PBXSourcesBuildPhase;
			buildActionMask = 2147483647;
			files = (
				FA251F831FC4E976000C504B /* soundfile_IO.cpp in Compile Sources */,
				FA35513F1FC5E5A9000C5122 /* record.cpp in Compile Sources */,
				82E58FAF95D161209A3024BB /* main.cpp in Compile Sources */,
				FAE0950E1FC5C890000F4595 /* playsine.cpp in Compile Sources */,
				2141DE59D0A88F3A7A021EA2 /* mainwindow.cpp in Compile Sources */,
				BA4192E8D5354A4324443192 /* moc_mainwindow.cpp in Compile Sources */,
				79C4CFABBB676EBA32C8D0C1 /* dummy.cpp in Compile Sources */,
			);
			name = "Compile Sources";
			runOnlyForDeploymentPostprocessing = 0;
		};
/* End PBXSourcesBuildPhase section */

/* Begin PBXTargetDependency section */
		4AD5B181D1BE89C41A660871 /* PBXTargetDependency */ = {
			isa = PBXTargetDependency;
			target = 6EDB750A7A253EB036C63B4B /* Qt Preprocess */;
			targetProxy = FA12B84A1FC4BE56006FA899 /* PBXContainerItemProxy */;
		};
/* End PBXTargetDependency section */

/* Begin XCBuildConfiguration section */
		339EE1B2CC4FC24589A0EA95 /* Release */ = {
			isa = XCBuildConfiguration;
			buildSettings = {
				APPLICATION_EXTENSION_API_ONLY = NO;
				ARCHS = x86_64;
				"ARCHS[sdk=macosx*]" = x86_64;
				CC = /Applications/Xcode.app/Contents/Developer/Toolchains/XcodeDefault.xctoolchain/usr/bin/clang;
				COPY_PHASE_STRIP = YES;
				DYLIB_COMPATIBILITY_VERSION = 1.0;
				DYLIB_CURRENT_VERSION = 1.0.0;
				ENABLE_BITCODE = NO;
				FRAMEWORK_SEARCH_PATHS = (
					/usr/local/Cellar/qt/5.9.2/lib,
					/usr/local/Cellar/qt/5.9.2/lib,
				);
				GCC_GENERATE_DEBUGGING_SYMBOLS = NO;
				GCC_VERSION = com.apple.compilers.llvm.clang.1_0;
				HEADER_SEARCH_PATHS = (
					.,
					/usr/local/Cellar/qt/5.9.2/lib/QtWidgets.framework/Headers,
					/usr/local/Cellar/qt/5.9.2/lib/QtGui.framework/Headers,
					/usr/local/Cellar/qt/5.9.2/lib/QtCore.framework/Headers,
					.,
					/Applications/Xcode.app/Contents/Developer/Platforms/MacOSX.platform/Developer/SDKs/MacOSX10.13.sdk/System/Library/Frameworks/OpenGL.framework/Headers,
					/Applications/Xcode.app/Contents/Developer/Platforms/MacOSX.platform/Developer/SDKs/MacOSX10.13.sdk/System/Library/Frameworks/AGL.framework/Headers,
					.,
					"/usr/local/Cellar/qt/5.9.2/mkspecs/macx-clang",
					/usr/local/include/,
					.,
					/usr/local/Cellar/libsndfile/1.0.28/include/,
				);
				INFOPLIST_FILE = Info.plist;
				LDPLUSPLUS = "/Applications/Xcode.app/Contents/Developer/Toolchains/XcodeDefault.xctoolchain/usr/bin/clang++";
				LIBRARY_SEARCH_PATHS = (
					/usr/local/Cellar/qt/5.9.2/lib,
					/System/Library/Frameworks/,
					/usr/local/lib/,
					/usr/local/Cellar/libsndfile/1.0.28/lib/,
				);
				MACOSX_DEPLOYMENT_TARGET = 10.10;
				OTHER_CFLAGS = (
					"-pipe",
					"-O2",
					"-Wall",
					"-W",
					"-fPIC",
					"-DQT_NO_DEBUG",
					"-DQT_WIDGETS_LIB",
					"-DQT_GUI_LIB",
					"-DQT_CORE_LIB",
				);
				OTHER_CPLUSPLUSFLAGS = (
					"-pipe",
					"-stdlib=libc++",
					"-O2",
					"-std=gnu++11",
					"-Wall",
					"-W",
					"-fPIC",
					"-DQT_NO_DEBUG",
					"-DQT_WIDGETS_LIB",
					"-DQT_GUI_LIB",
					"-DQT_CORE_LIB",
				);
				OTHER_LDFLAGS = (
					"-stdlib=libc++",
					"-headerpad_max_install_names",
					"-Wl,-rpath,@executable_path/Frameworks",
					"-F/usr/local/Cellar/qt/5.9.2/lib",
				);
				PRODUCT_NAME = "audio-tech-app";
				QT_LIBRARY_SUFFIX = "";
				SDKROOT = macosx;
				SYMROOT = "/Users/Alex/Projects/audio-tech/audio-tech-app/";
			};
			name = Release;
		};
		3AA6C32AC930069E80220CF1 /* Debug */ = {
			isa = XCBuildConfiguration;
			buildSettings = {
				APPLICATION_EXTENSION_API_ONLY = NO;
				ARCHS = x86_64;
				"ARCHS[sdk=macosx*]" = x86_64;
				CC = /Applications/Xcode.app/Contents/Developer/Toolchains/XcodeDefault.xctoolchain/usr/bin/clang;
				COPY_PHASE_STRIP = NO;
				DYLIB_COMPATIBILITY_VERSION = 1.0;
				DYLIB_CURRENT_VERSION = 1.0.0;
				ENABLE_BITCODE = NO;
				FRAMEWORK_SEARCH_PATHS = (
					/usr/local/Cellar/qt/5.9.2/lib,
					/usr/local/Cellar/qt/5.9.2/lib,
				);
				GCC_GENERATE_DEBUGGING_SYMBOLS = YES;
				GCC_OPTIMIZATION_LEVEL = 0;
				GCC_VERSION = com.apple.compilers.llvm.clang.1_0;
				HEADER_SEARCH_PATHS = (
					.,
					/usr/local/Cellar/qt/5.9.2/lib/QtWidgets.framework/Headers,
					/usr/local/Cellar/qt/5.9.2/lib/QtGui.framework/Headers,
					/usr/local/Cellar/qt/5.9.2/lib/QtCore.framework/Headers,
					.,
					/Applications/Xcode.app/Contents/Developer/Platforms/MacOSX.platform/Developer/SDKs/MacOSX10.13.sdk/System/Library/Frameworks/OpenGL.framework/Headers,
					/Applications/Xcode.app/Contents/Developer/Platforms/MacOSX.platform/Developer/SDKs/MacOSX10.13.sdk/System/Library/Frameworks/AGL.framework/Headers,
					.,
					"/usr/local/Cellar/qt/5.9.2/mkspecs/macx-clang",
					/usr/local/include/,
					.,
					/usr/local/Cellar/libsndfile/1.0.28/include/,
				);
				INFOPLIST_FILE = Info.plist;
				LDPLUSPLUS = "/Applications/Xcode.app/Contents/Developer/Toolchains/XcodeDefault.xctoolchain/usr/bin/clang++";
				LIBRARY_SEARCH_PATHS = (
					/usr/local/Cellar/qt/5.9.2/lib,
					/System/Library/Frameworks/,
					/usr/local/lib/,
					/usr/local/Cellar/libsndfile/1.0.28/lib/,
				);
				MACOSX_DEPLOYMENT_TARGET = 10.10;
				ONLY_ACTIVE_ARCH = YES;
				OTHER_CFLAGS = (
					"-pipe",
					"-O2",
					"-Wall",
					"-W",
					"-fPIC",
					"-DQT_NO_DEBUG",
					"-DQT_WIDGETS_LIB",
					"-DQT_GUI_LIB",
					"-DQT_CORE_LIB",
				);
				OTHER_CPLUSPLUSFLAGS = (
					"-pipe",
					"-stdlib=libc++",
					"-O2",
					"-std=gnu++11",
					"-Wall",
					"-W",
					"-fPIC",
					"-DQT_NO_DEBUG",
					"-DQT_WIDGETS_LIB",
					"-DQT_GUI_LIB",
					"-DQT_CORE_LIB",
				);
				OTHER_LDFLAGS = (
					"-stdlib=libc++",
					"-headerpad_max_install_names",
					"-Wl,-rpath,@executable_path/Frameworks",
					"-F/usr/local/Cellar/qt/5.9.2/lib",
				);
				PRODUCT_NAME = "audio-tech-app";
				QT_LIBRARY_SUFFIX = "";
				SDKROOT = macosx;
				SYMROOT = "/Users/Alex/Projects/audio-tech/audio-tech-app/";
			};
			name = Debug;
		};
		6666AA5E688052234F6758D8 /* Release */ = {
			isa = XCBuildConfiguration;
			buildSettings = {
				APPLICATION_EXTENSION_API_ONLY = NO;
				"ARCHS[sdk=macosx*]" = x86_64;
				COPY_PHASE_STRIP = YES;
				ENABLE_BITCODE = NO;
				GCC_GENERATE_DEBUGGING_SYMBOLS = NO;
				LIBRARY_SEARCH_PATHS = (
					"$(inherited)",
					/usr/local/Cellar/libsndfile/1.0.28/lib,
				);
				PRODUCT_NAME = "audio-tech-app";
				QT_LIBRARY_SUFFIX = "";
				SDKROOT = macosx;
			};
			name = Release;
		};
		77418F46922677BB04ED38DD /* Debug */ = {
			isa = XCBuildConfiguration;
			buildSettings = {
				APPLICATION_EXTENSION_API_ONLY = NO;
				"ARCHS[sdk=macosx*]" = x86_64;
				COPY_PHASE_STRIP = NO;
				ENABLE_BITCODE = NO;
				GCC_GENERATE_DEBUGGING_SYMBOLS = YES;
				GCC_OPTIMIZATION_LEVEL = 0;
				LIBRARY_SEARCH_PATHS = (
					"$(inherited)",
					/usr/local/Cellar/libsndfile/1.0.28/lib,
				);
				ONLY_ACTIVE_ARCH = YES;
				PRODUCT_NAME = "audio-tech-app";
				QT_LIBRARY_SUFFIX = "";
				SDKROOT = macosx;
			};
			name = Debug;
		};
/* End XCBuildConfiguration section */

/* Begin XCConfigurationList section */
		6CC3B5D2136C7CD6A5CF5A59 /* Build configuration list for PBXNativeTarget "audio-tech-app" */ = {
			isa = XCConfigurationList;
			buildConfigurations = (
				77418F46922677BB04ED38DD /* Debug */,
				6666AA5E688052234F6758D8 /* Release */,
			);
			defaultConfigurationIsVisible = 0;
			defaultConfigurationName = Release;
		};
		DAC4C1AA5EDEA1C85E9CA5E6 /* Build configuration list for PBXProject "audio-tech-app" */ = {
			isa = XCConfigurationList;
			buildConfigurations = (
				3AA6C32AC930069E80220CF1 /* Debug */,
				339EE1B2CC4FC24589A0EA95 /* Release */,
			);
			defaultConfigurationIsVisible = 0;
			defaultConfigurationName = Release;
		};
/* End XCConfigurationList section */
	};
	rootObject = 6DB9C3763D02B1415CD9D565 /* Project object */;
}
